// !$*UTF8*$!
{
	archiveVersion = 1;
	classes = {
	};
	objectVersion = 48;
	objects = {

/* Begin PBXBuildFile section */
		47C817ECB0635CE93F5EBC11 /* libPods-CSV_ReadWriteDemoTests.a in Frameworks */ = {isa = PBXBuildFile; fileRef = 90659C59499576A2D4FE084F /* libPods-CSV_ReadWriteDemoTests.a */; };
		944FEF335FF0B44ADBFAEAE3 /* libPods-CSV_ReadWriteDemoUITests.a in Frameworks */ = {isa = PBXBuildFile; fileRef = 16EEB00C591368F93A7157FA /* libPods-CSV_ReadWriteDemoUITests.a */; };
		BD3755852B1E02E8540DA1E0 /* libPods-CSV_ReadWriteDemo.a in Frameworks */ = {isa = PBXBuildFile; fileRef = 400F3A1F1886275AAA1D6E95 /* libPods-CSV_ReadWriteDemo.a */; };
		D48F58171F6FFE8200AD3EDD /* AppDelegate.m in Sources */ = {isa = PBXBuildFile; fileRef = D48F58161F6FFE8200AD3EDD /* AppDelegate.m */; };
		D48F581A1F6FFE8200AD3EDD /* ViewController.m in Sources */ = {isa = PBXBuildFile; fileRef = D48F58191F6FFE8200AD3EDD /* ViewController.m */; };
		D48F581D1F6FFE8200AD3EDD /* Main.storyboard in Resources */ = {isa = PBXBuildFile; fileRef = D48F581B1F6FFE8200AD3EDD /* Main.storyboard */; };
		D48F58201F6FFE8200AD3EDD /* CSV_ReadWriteDemo.xcdatamodeld in Sources */ = {isa = PBXBuildFile; fileRef = D48F581E1F6FFE8200AD3EDD /* CSV_ReadWriteDemo.xcdatamodeld */; };
		D48F58221F6FFE8200AD3EDD /* Assets.xcassets in Resources */ = {isa = PBXBuildFile; fileRef = D48F58211F6FFE8200AD3EDD /* Assets.xcassets */; };
		D48F58251F6FFE8200AD3EDD /* LaunchScreen.storyboard in Resources */ = {isa = PBXBuildFile; fileRef = D48F58231F6FFE8200AD3EDD /* LaunchScreen.storyboard */; };
		D48F58281F6FFE8200AD3EDD /* main.m in Sources */ = {isa = PBXBuildFile; fileRef = D48F58271F6FFE8200AD3EDD /* main.m */; };
		D48F58321F6FFE8200AD3EDD /* CSV_ReadWriteDemoTests.m in Sources */ = {isa = PBXBuildFile; fileRef = D48F58311F6FFE8200AD3EDD /* CSV_ReadWriteDemoTests.m */; };
		D48F583D1F6FFE8200AD3EDD /* CSV_ReadWriteDemoUITests.m in Sources */ = {isa = PBXBuildFile; fileRef = D48F583C1F6FFE8200AD3EDD /* CSV_ReadWriteDemoUITests.m */; };
		D48F58511F7044E100AD3EDD /* EmployeeRecords.csv in Resources */ = {isa = PBXBuildFile; fileRef = D48F58501F7044DA00AD3EDD /* EmployeeRecords.csv */; };
/* End PBXBuildFile section */

/* Begin PBXContainerItemProxy section */
		D48F582E1F6FFE8200AD3EDD /* PBXContainerItemProxy */ = {
			isa = PBXContainerItemProxy;
			containerPortal = D48F580A1F6FFE8200AD3EDD /* Project object */;
			proxyType = 1;
			remoteGlobalIDString = D48F58111F6FFE8200AD3EDD;
			remoteInfo = CSV_ReadWriteDemo;
		};
		D48F58391F6FFE8200AD3EDD /* PBXContainerItemProxy */ = {
			isa = PBXContainerItemProxy;
			containerPortal = D48F580A1F6FFE8200AD3EDD /* Project object */;
			proxyType = 1;
			remoteGlobalIDString = D48F58111F6FFE8200AD3EDD;
			remoteInfo = CSV_ReadWriteDemo;
		};
/* End PBXContainerItemProxy section */

/* Begin PBXFileReference section */
		0C8F9273574EC499C2479784 /* Pods-CSV_ReadWriteDemo.release.xcconfig */ = {isa = PBXFileReference; includeInIndex = 1; lastKnownFileType = text.xcconfig; name = "Pods-CSV_ReadWriteDemo.release.xcconfig"; path = "Pods/Target Support Files/Pods-CSV_ReadWriteDemo/Pods-CSV_ReadWriteDemo.release.xcconfig"; sourceTree = "<group>"; };
		16EEB00C591368F93A7157FA /* libPods-CSV_ReadWriteDemoUITests.a */ = {isa = PBXFileReference; explicitFileType = archive.ar; includeInIndex = 0; path = "libPods-CSV_ReadWriteDemoUITests.a"; sourceTree = BUILT_PRODUCTS_DIR; };
		400F3A1F1886275AAA1D6E95 /* libPods-CSV_ReadWriteDemo.a */ = {isa = PBXFileReference; explicitFileType = archive.ar; includeInIndex = 0; path = "libPods-CSV_ReadWriteDemo.a"; sourceTree = BUILT_PRODUCTS_DIR; };
		510D5580A288F99DD27596D6 /* Pods-CSV_ReadWriteDemoUITests.debug.xcconfig */ = {isa = PBXFileReference; includeInIndex = 1; lastKnownFileType = text.xcconfig; name = "Pods-CSV_ReadWriteDemoUITests.debug.xcconfig"; path = "Pods/Target Support Files/Pods-CSV_ReadWriteDemoUITests/Pods-CSV_ReadWriteDemoUITests.debug.xcconfig"; sourceTree = "<group>"; };
		5712FA2E7C08BE9EA88792DC /* Pods-CSV_ReadWriteDemoTests.release.xcconfig */ = {isa = PBXFileReference; includeInIndex = 1; lastKnownFileType = text.xcconfig; name = "Pods-CSV_ReadWriteDemoTests.release.xcconfig"; path = "Pods/Target Support Files/Pods-CSV_ReadWriteDemoTests/Pods-CSV_ReadWriteDemoTests.release.xcconfig"; sourceTree = "<group>"; };
		90659C59499576A2D4FE084F /* libPods-CSV_ReadWriteDemoTests.a */ = {isa = PBXFileReference; explicitFileType = archive.ar; includeInIndex = 0; path = "libPods-CSV_ReadWriteDemoTests.a"; sourceTree = BUILT_PRODUCTS_DIR; };
		D48F58121F6FFE8200AD3EDD /* CSV_ReadWriteDemo.app */ = {isa = PBXFileReference; explicitFileType = wrapper.application; includeInIndex = 0; path = CSV_ReadWriteDemo.app; sourceTree = BUILT_PRODUCTS_DIR; };
		D48F58151F6FFE8200AD3EDD /* AppDelegate.h */ = {isa = PBXFileReference; lastKnownFileType = sourcecode.c.h; path = AppDelegate.h; sourceTree = "<group>"; };
		D48F58161F6FFE8200AD3EDD /* AppDelegate.m */ = {isa = PBXFileReference; lastKnownFileType = sourcecode.c.objc; path = AppDelegate.m; sourceTree = "<group>"; };
		D48F58181F6FFE8200AD3EDD /* ViewController.h */ = {isa = PBXFileReference; lastKnownFileType = sourcecode.c.h; path = ViewController.h; sourceTree = "<group>"; };
		D48F58191F6FFE8200AD3EDD /* ViewController.m */ = {isa = PBXFileReference; lastKnownFileType = sourcecode.c.objc; path = ViewController.m; sourceTree = "<group>"; };
		D48F581C1F6FFE8200AD3EDD /* Base */ = {isa = PBXFileReference; lastKnownFileType = file.storyboard; name = Base; path = Base.lproj/Main.storyboard; sourceTree = "<group>"; };
		D48F581F1F6FFE8200AD3EDD /* CSV_ReadWriteDemo.xcdatamodel */ = {isa = PBXFileReference; lastKnownFileType = wrapper.xcdatamodel; path = CSV_ReadWriteDemo.xcdatamodel; sourceTree = "<group>"; };
		D48F58211F6FFE8200AD3EDD /* Assets.xcassets */ = {isa = PBXFileReference; lastKnownFileType = folder.assetcatalog; path = Assets.xcassets; sourceTree = "<group>"; };
		D48F58241F6FFE8200AD3EDD /* Base */ = {isa = PBXFileReference; lastKnownFileType = file.storyboard; name = Base; path = Base.lproj/LaunchScreen.storyboard; sourceTree = "<group>"; };
		D48F58261F6FFE8200AD3EDD /* Info.plist */ = {isa = PBXFileReference; lastKnownFileType = text.plist.xml; path = Info.plist; sourceTree = "<group>"; };
		D48F58271F6FFE8200AD3EDD /* main.m */ = {isa = PBXFileReference; lastKnownFileType = sourcecode.c.objc; path = main.m; sourceTree = "<group>"; };
		D48F582D1F6FFE8200AD3EDD /* CSV_ReadWriteDemoTests.xctest */ = {isa = PBXFileReference; explicitFileType = wrapper.cfbundle; includeInIndex = 0; path = CSV_ReadWriteDemoTests.xctest; sourceTree = BUILT_PRODUCTS_DIR; };
		D48F58311F6FFE8200AD3EDD /* CSV_ReadWriteDemoTests.m */ = {isa = PBXFileReference; lastKnownFileType = sourcecode.c.objc; path = CSV_ReadWriteDemoTests.m; sourceTree = "<group>"; };
		D48F58331F6FFE8200AD3EDD /* Info.plist */ = {isa = PBXFileReference; lastKnownFileType = text.plist.xml; path = Info.plist; sourceTree = "<group>"; };
		D48F58381F6FFE8200AD3EDD /* CSV_ReadWriteDemoUITests.xctest */ = {isa = PBXFileReference; explicitFileType = wrapper.cfbundle; includeInIndex = 0; path = CSV_ReadWriteDemoUITests.xctest; sourceTree = BUILT_PRODUCTS_DIR; };
		D48F583C1F6FFE8200AD3EDD /* CSV_ReadWriteDemoUITests.m */ = {isa = PBXFileReference; lastKnownFileType = sourcecode.c.objc; path = CSV_ReadWriteDemoUITests.m; sourceTree = "<group>"; };
		D48F583E1F6FFE8200AD3EDD /* Info.plist */ = {isa = PBXFileReference; lastKnownFileType = text.plist.xml; path = Info.plist; sourceTree = "<group>"; };
		D48F58501F7044DA00AD3EDD /* EmployeeRecords.csv */ = {isa = PBXFileReference; lastKnownFileType = text; path = EmployeeRecords.csv; sourceTree = "<group>"; };
		ED08E7259F38A5E896DEEBEE /* Pods-CSV_ReadWriteDemoUITests.release.xcconfig */ = {isa = PBXFileReference; includeInIndex = 1; lastKnownFileType = text.xcconfig; name = "Pods-CSV_ReadWriteDemoUITests.release.xcconfig"; path = "Pods/Target Support Files/Pods-CSV_ReadWriteDemoUITests/Pods-CSV_ReadWriteDemoUITests.release.xcconfig"; sourceTree = "<group>"; };
		F072DBF15D5516B96ACAA82B /* Pods-CSV_ReadWriteDemoTests.debug.xcconfig */ = {isa = PBXFileReference; includeInIndex = 1; lastKnownFileType = text.xcconfig; name = "Pods-CSV_ReadWriteDemoTests.debug.xcconfig"; path = "Pods/Target Support Files/Pods-CSV_ReadWriteDemoTests/Pods-CSV_ReadWriteDemoTests.debug.xcconfig"; sourceTree = "<group>"; };
		F40CB6A5F2EBEAEDEA79FE39 /* Pods-CSV_ReadWriteDemo.debug.xcconfig */ = {isa = PBXFileReference; includeInIndex = 1; lastKnownFileType = text.xcconfig; name = "Pods-CSV_ReadWriteDemo.debug.xcconfig"; path = "Pods/Target Support Files/Pods-CSV_ReadWriteDemo/Pods-CSV_ReadWriteDemo.debug.xcconfig"; sourceTree = "<group>"; };
/* End PBXFileReference section */

/* Begin PBXFrameworksBuildPhase section */
		D48F580F1F6FFE8200AD3EDD /* Frameworks */ = {
			isa = PBXFrameworksBuildPhase;
			buildActionMask = 2147483647;
			files = (
				BD3755852B1E02E8540DA1E0 /* libPods-CSV_ReadWriteDemo.a in Frameworks */,
			);
			runOnlyForDeploymentPostprocessing = 0;
		};
		D48F582A1F6FFE8200AD3EDD /* Frameworks */ = {
			isa = PBXFrameworksBuildPhase;
			buildActionMask = 2147483647;
			files = (
				47C817ECB0635CE93F5EBC11 /* libPods-CSV_ReadWriteDemoTests.a in Frameworks */,
			);
			runOnlyForDeploymentPostprocessing = 0;
		};
		D48F58351F6FFE8200AD3EDD /* Frameworks */ = {
			isa = PBXFrameworksBuildPhase;
			buildActionMask = 2147483647;
			files = (
				944FEF335FF0B44ADBFAEAE3 /* libPods-CSV_ReadWriteDemoUITests.a in Frameworks */,
			);
			runOnlyForDeploymentPostprocessing = 0;
		};
/* End PBXFrameworksBuildPhase section */

/* Begin PBXGroup section */
		1A9B8BCB19B52B60D21211A2 /* Pods */ = {
			isa = PBXGroup;
			children = (
				F40CB6A5F2EBEAEDEA79FE39 /* Pods-CSV_ReadWriteDemo.debug.xcconfig */,
				0C8F9273574EC499C2479784 /* Pods-CSV_ReadWriteDemo.release.xcconfig */,
				F072DBF15D5516B96ACAA82B /* Pods-CSV_ReadWriteDemoTests.debug.xcconfig */,
				5712FA2E7C08BE9EA88792DC /* Pods-CSV_ReadWriteDemoTests.release.xcconfig */,
				510D5580A288F99DD27596D6 /* Pods-CSV_ReadWriteDemoUITests.debug.xcconfig */,
				ED08E7259F38A5E896DEEBEE /* Pods-CSV_ReadWriteDemoUITests.release.xcconfig */,
			);
			name = Pods;
			sourceTree = "<group>";
		};
		D48F58091F6FFE8200AD3EDD = {
			isa = PBXGroup;
			children = (
				D48F58141F6FFE8200AD3EDD /* CSV_ReadWriteDemo */,
				D48F58301F6FFE8200AD3EDD /* CSV_ReadWriteDemoTests */,
				D48F583B1F6FFE8200AD3EDD /* CSV_ReadWriteDemoUITests */,
				D48F58131F6FFE8200AD3EDD /* Products */,
				1A9B8BCB19B52B60D21211A2 /* Pods */,
				FDECFF16828E749EEB0C7DDB /* Frameworks */,
			);
			sourceTree = "<group>";
		};
		D48F58131F6FFE8200AD3EDD /* Products */ = {
			isa = PBXGroup;
			children = (
				D48F58121F6FFE8200AD3EDD /* CSV_ReadWriteDemo.app */,
				D48F582D1F6FFE8200AD3EDD /* CSV_ReadWriteDemoTests.xctest */,
				D48F58381F6FFE8200AD3EDD /* CSV_ReadWriteDemoUITests.xctest */,
			);
			name = Products;
			sourceTree = "<group>";
		};
		D48F58141F6FFE8200AD3EDD /* CSV_ReadWriteDemo */ = {
			isa = PBXGroup;
			children = (
				D48F58501F7044DA00AD3EDD /* EmployeeRecords.csv */,
				D48F58151F6FFE8200AD3EDD /* AppDelegate.h */,
				D48F58161F6FFE8200AD3EDD /* AppDelegate.m */,
				D48F58181F6FFE8200AD3EDD /* ViewController.h */,
				D48F58191F6FFE8200AD3EDD /* ViewController.m */,
				D48F581B1F6FFE8200AD3EDD /* Main.storyboard */,
				D48F58211F6FFE8200AD3EDD /* Assets.xcassets */,
				D48F58231F6FFE8200AD3EDD /* LaunchScreen.storyboard */,
				D48F58261F6FFE8200AD3EDD /* Info.plist */,
				D48F58271F6FFE8200AD3EDD /* main.m */,
				D48F581E1F6FFE8200AD3EDD /* CSV_ReadWriteDemo.xcdatamodeld */,
			);
			path = CSV_ReadWriteDemo;
			sourceTree = "<group>";
		};
		D48F58301F6FFE8200AD3EDD /* CSV_ReadWriteDemoTests */ = {
			isa = PBXGroup;
			children = (
				D48F58311F6FFE8200AD3EDD /* CSV_ReadWriteDemoTests.m */,
				D48F58331F6FFE8200AD3EDD /* Info.plist */,
			);
			path = CSV_ReadWriteDemoTests;
			sourceTree = "<group>";
		};
		D48F583B1F6FFE8200AD3EDD /* CSV_ReadWriteDemoUITests */ = {
			isa = PBXGroup;
			children = (
				D48F583C1F6FFE8200AD3EDD /* CSV_ReadWriteDemoUITests.m */,
				D48F583E1F6FFE8200AD3EDD /* Info.plist */,
			);
			path = CSV_ReadWriteDemoUITests;
			sourceTree = "<group>";
		};
		FDECFF16828E749EEB0C7DDB /* Frameworks */ = {
			isa = PBXGroup;
			children = (
				400F3A1F1886275AAA1D6E95 /* libPods-CSV_ReadWriteDemo.a */,
				90659C59499576A2D4FE084F /* libPods-CSV_ReadWriteDemoTests.a */,
				16EEB00C591368F93A7157FA /* libPods-CSV_ReadWriteDemoUITests.a */,
			);
			name = Frameworks;
			sourceTree = "<group>";
		};
/* End PBXGroup section */

/* Begin PBXNativeTarget section */
		D48F58111F6FFE8200AD3EDD /* CSV_ReadWriteDemo */ = {
			isa = PBXNativeTarget;
			buildConfigurationList = D48F58411F6FFE8200AD3EDD /* Build configuration list for PBXNativeTarget "CSV_ReadWriteDemo" */;
			buildPhases = (
				96E82B223B707C9648672E64 /* [CP] Check Pods Manifest.lock */,
				D48F580E1F6FFE8200AD3EDD /* Sources */,
				D48F580F1F6FFE8200AD3EDD /* Frameworks */,
				D48F58101F6FFE8200AD3EDD /* Resources */,
				22DDE5B42983AED496F1944B /* [CP] Embed Pods Frameworks */,
				D8029C6F9E313CD036053D4A /* [CP] Copy Pods Resources */,
			);
			buildRules = (
			);
			dependencies = (
			);
			name = CSV_ReadWriteDemo;
			productName = CSV_ReadWriteDemo;
			productReference = D48F58121F6FFE8200AD3EDD /* CSV_ReadWriteDemo.app */;
			productType = "com.apple.product-type.application";
		};
		D48F582C1F6FFE8200AD3EDD /* CSV_ReadWriteDemoTests */ = {
			isa = PBXNativeTarget;
			buildConfigurationList = D48F58441F6FFE8200AD3EDD /* Build configuration list for PBXNativeTarget "CSV_ReadWriteDemoTests" */;
			buildPhases = (
				ED52BDA70B345B92D3090C15 /* [CP] Check Pods Manifest.lock */,
				D48F58291F6FFE8200AD3EDD /* Sources */,
				D48F582A1F6FFE8200AD3EDD /* Frameworks */,
				D48F582B1F6FFE8200AD3EDD /* Resources */,
				069290F8AF73A518AF6D335B /* [CP] Embed Pods Frameworks */,
				0B21D7B3BB493B8C1CF1DAC0 /* [CP] Copy Pods Resources */,
			);
			buildRules = (
			);
			dependencies = (
				D48F582F1F6FFE8200AD3EDD /* PBXTargetDependency */,
			);
			name = CSV_ReadWriteDemoTests;
			productName = CSV_ReadWriteDemoTests;
			productReference = D48F582D1F6FFE8200AD3EDD /* CSV_ReadWriteDemoTests.xctest */;
			productType = "com.apple.product-type.bundle.unit-test";
		};
		D48F58371F6FFE8200AD3EDD /* CSV_ReadWriteDemoUITests */ = {
			isa = PBXNativeTarget;
			buildConfigurationList = D48F58471F6FFE8200AD3EDD /* Build configuration list for PBXNativeTarget "CSV_ReadWriteDemoUITests" */;
			buildPhases = (
				478C4AB143280643B2AA55A3 /* [CP] Check Pods Manifest.lock */,
				D48F58341F6FFE8200AD3EDD /* Sources */,
				D48F58351F6FFE8200AD3EDD /* Frameworks */,
				D48F58361F6FFE8200AD3EDD /* Resources */,
				D80E8DBB00AF6373A1FD5B30 /* [CP] Embed Pods Frameworks */,
				FD5DE35CD610FF8CB3470C42 /* [CP] Copy Pods Resources */,
			);
			buildRules = (
			);
			dependencies = (
				D48F583A1F6FFE8200AD3EDD /* PBXTargetDependency */,
			);
			name = CSV_ReadWriteDemoUITests;
			productName = CSV_ReadWriteDemoUITests;
			productReference = D48F58381F6FFE8200AD3EDD /* CSV_ReadWriteDemoUITests.xctest */;
			productType = "com.apple.product-type.bundle.ui-testing";
		};
/* End PBXNativeTarget section */

/* Begin PBXProject section */
		D48F580A1F6FFE8200AD3EDD /* Project object */ = {
			isa = PBXProject;
			attributes = {
				LastUpgradeCheck = 0900;
				ORGANIZATIONNAME = "Pawan Kumar";
				TargetAttributes = {
					D48F58111F6FFE8200AD3EDD = {
						CreatedOnToolsVersion = 9.0;
						ProvisioningStyle = Automatic;
					};
					D48F582C1F6FFE8200AD3EDD = {
						CreatedOnToolsVersion = 9.0;
						ProvisioningStyle = Automatic;
						TestTargetID = D48F58111F6FFE8200AD3EDD;
					};
					D48F58371F6FFE8200AD3EDD = {
						CreatedOnToolsVersion = 9.0;
						ProvisioningStyle = Automatic;
						TestTargetID = D48F58111F6FFE8200AD3EDD;
					};
				};
			};
			buildConfigurationList = D48F580D1F6FFE8200AD3EDD /* Build configuration list for PBXProject "CSV_ReadWriteDemo" */;
			compatibilityVersion = "Xcode 8.0";
			developmentRegion = en;
			hasScannedForEncodings = 0;
			knownRegions = (
				en,
				Base,
			);
			mainGroup = D48F58091F6FFE8200AD3EDD;
			productRefGroup = D48F58131F6FFE8200AD3EDD /* Products */;
			projectDirPath = "";
			projectRoot = "";
			targets = (
				D48F58111F6FFE8200AD3EDD /* CSV_ReadWriteDemo */,
				D48F582C1F6FFE8200AD3EDD /* CSV_ReadWriteDemoTests */,
				D48F58371F6FFE8200AD3EDD /* CSV_ReadWriteDemoUITests */,
			);
		};
/* End PBXProject section */

/* Begin PBXResourcesBuildPhase section */
		D48F58101F6FFE8200AD3EDD /* Resources */ = {
			isa = PBXResourcesBuildPhase;
			buildActionMask = 2147483647;
			files = (
				D48F58511F7044E100AD3EDD /* EmployeeRecords.csv in Resources */,
				D48F58251F6FFE8200AD3EDD /* LaunchScreen.storyboard in Resources */,
				D48F58221F6FFE8200AD3EDD /* Assets.xcassets in Resources */,
				D48F581D1F6FFE8200AD3EDD /* Main.storyboard in Resources */,
			);
			runOnlyForDeploymentPostprocessing = 0;
		};
		D48F582B1F6FFE8200AD3EDD /* Resources */ = {
			isa = PBXResourcesBuildPhase;
			buildActionMask = 2147483647;
			files = (
			);
			runOnlyForDeploymentPostprocessing = 0;
		};
		D48F58361F6FFE8200AD3EDD /* Resources */ = {
			isa = PBXResourcesBuildPhase;
			buildActionMask = 2147483647;
			files = (
			);
			runOnlyForDeploymentPostprocessing = 0;
		};
/* End PBXResourcesBuildPhase section */

/* Begin PBXShellScriptBuildPhase section */
		069290F8AF73A518AF6D335B /* [CP] Embed Pods Frameworks */ = {
			isa = PBXShellScriptBuildPhase;
			buildActionMask = 2147483647;
			files = (
			);
			inputPaths = (
			);
			name = "[CP] Embed Pods Frameworks";
			outputPaths = (
			);
			runOnlyForDeploymentPostprocessing = 0;
			shellPath = /bin/sh;
			shellScript = "\"${SRCROOT}/Pods/Target Support Files/Pods-CSV_ReadWriteDemoTests/Pods-CSV_ReadWriteDemoTests-frameworks.sh\"\n";
			showEnvVarsInLog = 0;
		};
		0B21D7B3BB493B8C1CF1DAC0 /* [CP] Copy Pods Resources */ = {
			isa = PBXShellScriptBuildPhase;
			buildActionMask = 2147483647;
			files = (
			);
			inputPaths = (
			);
			name = "[CP] Copy Pods Resources";
			outputPaths = (
			);
			runOnlyForDeploymentPostprocessing = 0;
			shellPath = /bin/sh;
			shellScript = "\"${SRCROOT}/Pods/Target Support Files/Pods-CSV_ReadWriteDemoTests/Pods-CSV_ReadWriteDemoTests-resources.sh\"\n";
			showEnvVarsInLog = 0;
		};
		22DDE5B42983AED496F1944B /* [CP] Embed Pods Frameworks */ = {
			isa = PBXShellScriptBuildPhase;
			buildActionMask = 2147483647;
			files = (
			);
			inputPaths = (
			);
			name = "[CP] Embed Pods Frameworks";
			outputPaths = (
			);
			runOnlyForDeploymentPostprocessing = 0;
			shellPath = /bin/sh;
			shellScript = "\"${SRCROOT}/Pods/Target Support Files/Pods-CSV_ReadWriteDemo/Pods-CSV_ReadWriteDemo-frameworks.sh\"\n";
			showEnvVarsInLog = 0;
		};
		478C4AB143280643B2AA55A3 /* [CP] Check Pods Manifest.lock */ = {
			isa = PBXShellScriptBuildPhase;
			buildActionMask = 2147483647;
			files = (
			);
			inputPaths = (
			);
			name = "[CP] Check Pods Manifest.lock";
			outputPaths = (
			);
			runOnlyForDeploymentPostprocessing = 0;
			shellPath = /bin/sh;
			shellScript = "diff \"${PODS_ROOT}/../Podfile.lock\" \"${PODS_ROOT}/Manifest.lock\" > /dev/null\nif [ $? != 0 ] ; then\n    # print error to STDERR\n    echo \"error: The sandbox is not in sync with the Podfile.lock. Run 'pod install' or update your CocoaPods installation.\" >&2\n    exit 1\nfi\n";
			showEnvVarsInLog = 0;
		};
		96E82B223B707C9648672E64 /* [CP] Check Pods Manifest.lock */ = {
			isa = PBXShellScriptBuildPhase;
			buildActionMask = 2147483647;
			files = (
			);
			inputPaths = (
			);
			name = "[CP] Check Pods Manifest.lock";
			outputPaths = (
			);
			runOnlyForDeploymentPostprocessing = 0;
			shellPath = /bin/sh;
			shellScript = "diff \"${PODS_ROOT}/../Podfile.lock\" \"${PODS_ROOT}/Manifest.lock\" > /dev/null\nif [ $? != 0 ] ; then\n    # print error to STDERR\n    echo \"error: The sandbox is not in sync with the Podfile.lock. Run 'pod install' or update your CocoaPods installation.\" >&2\n    exit 1\nfi\n";
			showEnvVarsInLog = 0;
		};
		D8029C6F9E313CD036053D4A /* [CP] Copy Pods Resources */ = {
			isa = PBXShellScriptBuildPhase;
			buildActionMask = 2147483647;
			files = (
			);
			inputPaths = (
			);
			name = "[CP] Copy Pods Resources";
			outputPaths = (
			);
			runOnlyForDeploymentPostprocessing = 0;
			shellPath = /bin/sh;
			shellScript = "\"${SRCROOT}/Pods/Target Support Files/Pods-CSV_ReadWriteDemo/Pods-CSV_ReadWriteDemo-resources.sh\"\n";
			showEnvVarsInLog = 0;
		};
		D80E8DBB00AF6373A1FD5B30 /* [CP] Embed Pods Frameworks */ = {
			isa = PBXShellScriptBuildPhase;
			buildActionMask = 2147483647;
			files = (
			);
			inputPaths = (
			);
			name = "[CP] Embed Pods Frameworks";
			outputPaths = (
			);
			runOnlyForDeploymentPostprocessing = 0;
			shellPath = /bin/sh;
			shellScript = "\"${SRCROOT}/Pods/Target Support Files/Pods-CSV_ReadWriteDemoUITests/Pods-CSV_ReadWriteDemoUITests-frameworks.sh\"\n";
			showEnvVarsInLog = 0;
		};
		ED52BDA70B345B92D3090C15 /* [CP] Check Pods Manifest.lock */ = {
			isa = PBXShellScriptBuildPhase;
			buildActionMask = 2147483647;
			files = (
			);
			inputPaths = (
			);
			name = "[CP] Check Pods Manifest.lock";
			outputPaths = (
			);
			runOnlyForDeploymentPostprocessing = 0;
			shellPath = /bin/sh;
			shellScript = "diff \"${PODS_ROOT}/../Podfile.lock\" \"${PODS_ROOT}/Manifest.lock\" > /dev/null\nif [ $? != 0 ] ; then\n    # print error to STDERR\n    echo \"error: The sandbox is not in sync with the Podfile.lock. Run 'pod install' or update your CocoaPods installation.\" >&2\n    exit 1\nfi\n";
			showEnvVarsInLog = 0;
		};
		FD5DE35CD610FF8CB3470C42 /* [CP] Copy Pods Resources */ = {
			isa = PBXShellScriptBuildPhase;
			buildActionMask = 2147483647;
			files = (
			);
			inputPaths = (
			);
			name = "[CP] Copy Pods Resources";
			outputPaths = (
			);
			runOnlyForDeploymentPostprocessing = 0;
			shellPath = /bin/sh;
			shellScript = "\"${SRCROOT}/Pods/Target Support Files/Pods-CSV_ReadWriteDemoUITests/Pods-CSV_ReadWriteDemoUITests-resources.sh\"\n";
			showEnvVarsInLog = 0;
		};
/* End PBXShellScriptBuildPhase section */

/* Begin PBXSourcesBuildPhase section */
		D48F580E1F6FFE8200AD3EDD /* Sources */ = {
			isa = PBXSourcesBuildPhase;
			buildActionMask = 2147483647;
			files = (
				D48F581A1F6FFE8200AD3EDD /* ViewController.m in Sources */,
				D48F58171F6FFE8200AD3EDD /* AppDelegate.m in Sources */,
				D48F58281F6FFE8200AD3EDD /* main.m in Sources */,
				D48F58201F6FFE8200AD3EDD /* CSV_ReadWriteDemo.xcdatamodeld in Sources */,
			);
			runOnlyForDeploymentPostprocessing = 0;
		};
		D48F58291F6FFE8200AD3EDD /* Sources */ = {
			isa = PBXSourcesBuildPhase;
			buildActionMask = 2147483647;
			files = (
				D48F58321F6FFE8200AD3EDD /* CSV_ReadWriteDemoTests.m in Sources */,
			);
			runOnlyForDeploymentPostprocessing = 0;
		};
		D48F58341F6FFE8200AD3EDD /* Sources */ = {
			isa = PBXSourcesBuildPhase;
			buildActionMask = 2147483647;
			files = (
				D48F583D1F6FFE8200AD3EDD /* CSV_ReadWriteDemoUITests.m in Sources */,
			);
			runOnlyForDeploymentPostprocessing = 0;
		};
/* End PBXSourcesBuildPhase section */

/* Begin PBXTargetDependency section */
		D48F582F1F6FFE8200AD3EDD /* PBXTargetDependency */ = {
			isa = PBXTargetDependency;
			target = D48F58111F6FFE8200AD3EDD /* CSV_ReadWriteDemo */;
			targetProxy = D48F582E1F6FFE8200AD3EDD /* PBXContainerItemProxy */;
		};
		D48F583A1F6FFE8200AD3EDD /* PBXTargetDependency */ = {
			isa = PBXTargetDependency;
			target = D48F58111F6FFE8200AD3EDD /* CSV_ReadWriteDemo */;
			targetProxy = D48F58391F6FFE8200AD3EDD /* PBXContainerItemProxy */;
		};
/* End PBXTargetDependency section */

/* Begin PBXVariantGroup section */
		D48F581B1F6FFE8200AD3EDD /* Main.storyboard */ = {
			isa = PBXVariantGroup;
			children = (
				D48F581C1F6FFE8200AD3EDD /* Base */,
			);
			name = Main.storyboard;
			sourceTree = "<group>";
		};
		D48F58231F6FFE8200AD3EDD /* LaunchScreen.storyboard */ = {
			isa = PBXVariantGroup;
			children = (
				D48F58241F6FFE8200AD3EDD /* Base */,
			);
			name = LaunchScreen.storyboard;
			sourceTree = "<group>";
		};
/* End PBXVariantGroup section */

/* Begin XCBuildConfiguration section */
		D48F583F1F6FFE8200AD3EDD /* Debug */ = {
			isa = XCBuildConfiguration;
			buildSettings = {
				ALWAYS_SEARCH_USER_PATHS = NO;
				CLANG_ANALYZER_NONNULL = YES;
				CLANG_ANALYZER_NUMBER_OBJECT_CONVERSION = YES_AGGRESSIVE;
				CLANG_CXX_LANGUAGE_STANDARD = "gnu++14";
				CLANG_CXX_LIBRARY = "libc++";
				CLANG_ENABLE_MODULES = YES;
				CLANG_ENABLE_OBJC_ARC = YES;
				CLANG_WARN_BLOCK_CAPTURE_AUTORELEASING = YES;
				CLANG_WARN_BOOL_CONVERSION = YES;
				CLANG_WARN_COMMA = YES;
				CLANG_WARN_CONSTANT_CONVERSION = YES;
				CLANG_WARN_DIRECT_OBJC_ISA_USAGE = YES_ERROR;
				CLANG_WARN_DOCUMENTATION_COMMENTS = YES;
				CLANG_WARN_EMPTY_BODY = YES;
				CLANG_WARN_ENUM_CONVERSION = YES;
				CLANG_WARN_INFINITE_RECURSION = YES;
				CLANG_WARN_INT_CONVERSION = YES;
				CLANG_WARN_NON_LITERAL_NULL_CONVERSION = YES;
				CLANG_WARN_OBJC_LITERAL_CONVERSION = YES;
				CLANG_WARN_OBJC_ROOT_CLASS = YES_ERROR;
				CLANG_WARN_RANGE_LOOP_ANALYSIS = YES;
				CLANG_WARN_STRICT_PROTOTYPES = YES;
				CLANG_WARN_SUSPICIOUS_MOVE = YES;
				CLANG_WARN_UNGUARDED_AVAILABILITY = YES_AGGRESSIVE;
				CLANG_WARN_UNREACHABLE_CODE = YES;
				CLANG_WARN__DUPLICATE_METHOD_MATCH = YES;
				CODE_SIGN_IDENTITY = "iPhone Developer";
				COPY_PHASE_STRIP = NO;
				DEBUG_INFORMATION_FORMAT = dwarf;
				ENABLE_STRICT_OBJC_MSGSEND = YES;
				ENABLE_TESTABILITY = YES;
				GCC_C_LANGUAGE_STANDARD = gnu11;
				GCC_DYNAMIC_NO_PIC = NO;
				GCC_NO_COMMON_BLOCKS = YES;
				GCC_OPTIMIZATION_LEVEL = 0;
				GCC_PREPROCESSOR_DEFINITIONS = (
					"DEBUG=1",
					"$(inherited)",
				);
				GCC_WARN_64_TO_32_BIT_CONVERSION = YES;
				GCC_WARN_ABOUT_RETURN_TYPE = YES_ERROR;
				GCC_WARN_UNDECLARED_SELECTOR = YES;
				GCC_WARN_UNINITIALIZED_AUTOS = YES_AGGRESSIVE;
				GCC_WARN_UNUSED_FUNCTION = YES;
				GCC_WARN_UNUSED_VARIABLE = YES;
				IPHONEOS_DEPLOYMENT_TARGET = 11.0;
				MTL_ENABLE_DEBUG_INFO = YES;
				ONLY_ACTIVE_ARCH = YES;
				SDKROOT = iphoneos;
			};
			name = Debug;
		};
		D48F58401F6FFE8200AD3EDD /* Release */ = {
			isa = XCBuildConfiguration;
			buildSettings = {
				ALWAYS_SEARCH_USER_PATHS = NO;
				CLANG_ANALYZER_NONNULL = YES;
				CLANG_ANALYZER_NUMBER_OBJECT_CONVERSION = YES_AGGRESSIVE;
				CLANG_CXX_LANGUAGE_STANDARD = "gnu++14";
				CLANG_CXX_LIBRARY = "libc++";
				CLANG_ENABLE_MODULES = YES;
				CLANG_ENABLE_OBJC_ARC = YES;
				CLANG_WARN_BLOCK_CAPTURE_AUTORELEASING = YES;
				CLANG_WARN_BOOL_CONVERSION = YES;
				CLANG_WARN_COMMA = YES;
				CLANG_WARN_CONSTANT_CONVERSION = YES;
				CLANG_WARN_DIRECT_OBJC_ISA_USAGE = YES_ERROR;
				CLANG_WARN_DOCUMENTATION_COMMENTS = YES;
				CLANG_WARN_EMPTY_BODY = YES;
				CLANG_WARN_ENUM_CONVERSION = YES;
				CLANG_WARN_INFINITE_RECURSION = YES;
				CLANG_WARN_INT_CONVERSION = YES;
				CLANG_WARN_NON_LITERAL_NULL_CONVERSION = YES;
				CLANG_WARN_OBJC_LITERAL_CONVERSION = YES;
				CLANG_WARN_OBJC_ROOT_CLASS = YES_ERROR;
				CLANG_WARN_RANGE_LOOP_ANALYSIS = YES;
				CLANG_WARN_STRICT_PROTOTYPES = YES;
				CLANG_WARN_SUSPICIOUS_MOVE = YES;
				CLANG_WARN_UNGUARDED_AVAILABILITY = YES_AGGRESSIVE;
				CLANG_WARN_UNREACHABLE_CODE = YES;
				CLANG_WARN__DUPLICATE_METHOD_MATCH = YES;
				CODE_SIGN_IDENTITY = "iPhone Developer";
				COPY_PHASE_STRIP = NO;
				DEBUG_INFORMATION_FORMAT = "dwarf-with-dsym";
				ENABLE_NS_ASSERTIONS = NO;
				ENABLE_STRICT_OBJC_MSGSEND = YES;
				GCC_C_LANGUAGE_STANDARD = gnu11;
				GCC_NO_COMMON_BLOCKS = YES;
				GCC_WARN_64_TO_32_BIT_CONVERSION = YES;
				GCC_WARN_ABOUT_RETURN_TYPE = YES_ERROR;
				GCC_WARN_UNDECLARED_SELECTOR = YES;
				GCC_WARN_UNINITIALIZED_AUTOS = YES_AGGRESSIVE;
				GCC_WARN_UNUSED_FUNCTION = YES;
				GCC_WARN_UNUSED_VARIABLE = YES;
				IPHONEOS_DEPLOYMENT_TARGET = 11.0;
				MTL_ENABLE_DEBUG_INFO = NO;
				SDKROOT = iphoneos;
				VALIDATE_PRODUCT = YES;
			};
			name = Release;
		};
		D48F58421F6FFE8200AD3EDD /* Debug */ = {
			isa = XCBuildConfiguration;
			baseConfigurationReference = F40CB6A5F2EBEAEDEA79FE39 /* Pods-CSV_ReadWriteDemo.debug.xcconfig */;
			buildSettings = {
				ASSETCATALOG_COMPILER_APPICON_NAME = AppIcon;
				CODE_SIGN_STYLE = Automatic;
				DEVELOPMENT_TEAM = E638AEDMEK;
				INFOPLIST_FILE = CSV_ReadWriteDemo/Info.plist;
				IPHONEOS_DEPLOYMENT_TARGET = 9.0;
				LD_RUNPATH_SEARCH_PATHS = "$(inherited) @executable_path/Frameworks";
				PRODUCT_BUNDLE_IDENTIFIER = "com.pk.CSV-ReadWriteDemo";
				PRODUCT_NAME = "$(TARGET_NAME)";
				TARGETED_DEVICE_FAMILY = "1,2";
			};
			name = Debug;
		};
		D48F58431F6FFE8200AD3EDD /* Release */ = {
			isa = XCBuildConfiguration;
			baseConfigurationReference = 0C8F9273574EC499C2479784 /* Pods-CSV_ReadWriteDemo.release.xcconfig */;
			buildSettings = {
				ASSETCATALOG_COMPILER_APPICON_NAME = AppIcon;
				CODE_SIGN_STYLE = Automatic;
				DEVELOPMENT_TEAM = E638AEDMEK;
				INFOPLIST_FILE = CSV_ReadWriteDemo/Info.plist;
				IPHONEOS_DEPLOYMENT_TARGET = 9.0;
				LD_RUNPATH_SEARCH_PATHS = "$(inherited) @executable_path/Frameworks";
				PRODUCT_BUNDLE_IDENTIFIER = "com.pk.CSV-ReadWriteDemo";
				PRODUCT_NAME = "$(TARGET_NAME)";
				TARGETED_DEVICE_FAMILY = "1,2";
			};
			name = Release;
		};
		D48F58451F6FFE8200AD3EDD /* Debug */ = {
			isa = XCBuildConfiguration;
			baseConfigurationReference = F072DBF15D5516B96ACAA82B /* Pods-CSV_ReadWriteDemoTests.debug.xcconfig */;
			buildSettings = {
				BUNDLE_LOADER = "$(TEST_HOST)";
				CODE_SIGN_STYLE = Automatic;
				INFOPLIST_FILE = CSV_ReadWriteDemoTests/Info.plist;
				LD_RUNPATH_SEARCH_PATHS = "$(inherited) @executable_path/Frameworks @loader_path/Frameworks";
				PRODUCT_BUNDLE_IDENTIFIER = "com.pk.CSV-ReadWriteDemoTests";
				PRODUCT_NAME = "$(TARGET_NAME)";
				TARGETED_DEVICE_FAMILY = "1,2";
				TEST_HOST = "$(BUILT_PRODUCTS_DIR)/CSV_ReadWriteDemo.app/CSV_ReadWriteDemo";
			};
			name = Debug;
		};
		D48F58461F6FFE8200AD3EDD /* Release */ = {
			isa = XCBuildConfiguration;
			baseConfigurationReference = 5712FA2E7C08BE9EA88792DC /* Pods-CSV_ReadWriteDemoTests.release.xcconfig */;
			buildSettings = {
				BUNDLE_LOADER = "$(TEST_HOST)";
				CODE_SIGN_STYLE = Automatic;
				INFOPLIST_FILE = CSV_ReadWriteDemoTests/Info.plist;
				LD_RUNPATH_SEARCH_PATHS = "$(inherited) @executable_path/Frameworks @loader_path/Frameworks";
				PRODUCT_BUNDLE_IDENTIFIER = "com.pk.CSV-ReadWriteDemoTests";
				PRODUCT_NAME = "$(TARGET_NAME)";
				TARGETED_DEVICE_FAMILY = "1,2";
				TEST_HOST = "$(BUILT_PRODUCTS_DIR)/CSV_ReadWriteDemo.app/CSV_ReadWriteDemo";
			};
			name = Release;
		};
		D48F58481F6FFE8200AD3EDD /* Debug */ = {
			isa = XCBuildConfiguration;
			baseConfigurationReference = 510D5580A288F99DD27596D6 /* Pods-CSV_ReadWriteDemoUITests.debug.xcconfig */;
			buildSettings = {
				CODE_SIGN_STYLE = Automatic;
				INFOPLIST_FILE = CSV_ReadWriteDemoUITests/Info.plist;
				LD_RUNPATH_SEARCH_PATHS = "$(inherited) @executable_path/Frameworks @loader_path/Frameworks";
				PRODUCT_BUNDLE_IDENTIFIER = "com.pk.CSV-ReadWriteDemoUITests";
				PRODUCT_NAME = "$(TARGET_NAME)";
				TARGETED_DEVICE_FAMILY = "1,2";
				TEST_TARGET_NAME = CSV_ReadWriteDemo;
			};
			name = Debug;
		};
		D48F58491F6FFE8200AD3EDD /* Release */ = {
			isa = XCBuildConfiguration;
			baseConfigurationReference = ED08E7259F38A5E896DEEBEE /* Pods-CSV_ReadWriteDemoUITests.release.xcconfig */;
			buildSettings = {
				CODE_SIGN_STYLE = Automatic;
				INFOPLIST_FILE = CSV_ReadWriteDemoUITests/Info.plist;
				LD_RUNPATH_SEARCH_PATHS = "$(inherited) @executable_path/Frameworks @loader_path/Frameworks";
				PRODUCT_BUNDLE_IDENTIFIER = "com.pk.CSV-ReadWriteDemoUITests";
				PRODUCT_NAME = "$(TARGET_NAME)";
				TARGETED_DEVICE_FAMILY = "1,2";
				TEST_TARGET_NAME = CSV_ReadWriteDemo;
			};
			name = Release;
		};
/* End XCBuildConfiguration section */

/* Begin XCConfigurationList section */
		D48F580D1F6FFE8200AD3EDD /* Build configuration list for PBXProject "CSV_ReadWriteDemo" */ = {
			isa = XCConfigurationList;
			buildConfigurations = (
				D48F583F1F6FFE8200AD3EDD /* Debug */,
				D48F58401F6FFE8200AD3EDD /* Release */,
			);
			defaultConfigurationIsVisible = 0;
			defaultConfigurationName = Release;
		};
		D48F58411F6FFE8200AD3EDD /* Build configuration list for PBXNativeTarget "CSV_ReadWriteDemo" */ = {
			isa = XCConfigurationList;
			buildConfigurations = (
				D48F58421F6FFE8200AD3EDD /* Debug */,
				D48F58431F6FFE8200AD3EDD /* Release */,
			);
			defaultConfigurationIsVisible = 0;
			defaultConfigurationName = Release;
		};
		D48F58441F6FFE8200AD3EDD /* Build configuration list for PBXNativeTarget "CSV_ReadWriteDemoTests" */ = {
			isa = XCConfigurationList;
			buildConfigurations = (
				D48F58451F6FFE8200AD3EDD /* Debug */,
				D48F58461F6FFE8200AD3EDD /* Release */,
			);
			defaultConfigurationIsVisible = 0;
			defaultConfigurationName = Release;
		};
		D48F58471F6FFE8200AD3EDD /* Build configuration list for PBXNativeTarget "CSV_ReadWriteDemoUITests" */ = {
			isa = XCConfigurationList;
			buildConfigurations = (
				D48F58481F6FFE8200AD3EDD /* Debug */,
				D48F58491F6FFE8200AD3EDD /* Release */,
			);
			defaultConfigurationIsVisible = 0;
			defaultConfigurationName = Release;
		};
/* End XCConfigurationList section */

/* Begin XCVersionGroup section */
		D48F581E1F6FFE8200AD3EDD /* CSV_ReadWriteDemo.xcdatamodeld */ = {
			isa = XCVersionGroup;
			children = (
				D48F581F1F6FFE8200AD3EDD /* CSV_ReadWriteDemo.xcdatamodel */,
			);
			currentVersion = D48F581F1F6FFE8200AD3EDD /* CSV_ReadWriteDemo.xcdatamodel */;
			path = CSV_ReadWriteDemo.xcdatamodeld;
			sourceTree = "<group>";
			versionGroupType = wrapper.xcdatamodel;
		};
/* End XCVersionGroup section */
	};
	rootObject = D48F580A1F6FFE8200AD3EDD /* Project object */;
}
